// !$*UTF8*$!
{
	archiveVersion = 1;
	classes = {
	};
	objectVersion = 46;
	objects = {

/* Begin PBXBuildFile section */
		313FC3C614A1B670007D3489 /* Cocoa.framework in Frameworks */ = {isa = PBXBuildFile; fileRef = 313FC3C514A1B670007D3489 /* Cocoa.framework */; };
		313FC3D014A1B670007D3489 /* InfoPlist.strings in Resources */ = {isa = PBXBuildFile; fileRef = 313FC3CE14A1B670007D3489 /* InfoPlist.strings */; };
		313FC3D214A1B670007D3489 /* main.m in Sources */ = {isa = PBXBuildFile; fileRef = 313FC3D114A1B670007D3489 /* main.m */; };
		313FC3D614A1B670007D3489 /* Credits.rtf in Resources */ = {isa = PBXBuildFile; fileRef = 313FC3D414A1B670007D3489 /* Credits.rtf */; };
		313FC3D914A1B670007D3489 /* PRHAppDelegate.m in Sources */ = {isa = PBXBuildFile; fileRef = 313FC3D814A1B670007D3489 /* PRHAppDelegate.m */; };
		313FC3DC14A1B671007D3489 /* MainMenu.xib in Resources */ = {isa = PBXBuildFile; fileRef = 313FC3DA14A1B671007D3489 /* MainMenu.xib */; };
		313FC3E414A1BC50007D3489 /* PRHSheet.m in Sources */ = {isa = PBXBuildFile; fileRef = 313FC3E314A1BC50007D3489 /* PRHSheet.m */; };
/* End PBXBuildFile section */

/* Begin PBXFileReference section */
		313FC3C114A1B670007D3489 /* PRHSheet.app */ = {isa = PBXFileReference; explicitFileType = wrapper.application; includeInIndex = 0; path = PRHSheet.app; sourceTree = BUILT_PRODUCTS_DIR; };
		313FC3C514A1B670007D3489 /* Cocoa.framework */ = {isa = PBXFileReference; lastKnownFileType = wrapper.framework; name = Cocoa.framework; path = System/Library/Frameworks/Cocoa.framework; sourceTree = SDKROOT; };
		313FC3C814A1B670007D3489 /* AppKit.framework */ = {isa = PBXFileReference; lastKnownFileType = wrapper.framework; name = AppKit.framework; path = System/Library/Frameworks/AppKit.framework; sourceTree = SDKROOT; };
		313FC3C914A1B670007D3489 /* CoreData.framework */ = {isa = PBXFileReference; lastKnownFileType = wrapper.framework; name = CoreData.framework; path = System/Library/Frameworks/CoreData.framework; sourceTree = SDKROOT; };
		313FC3CA14A1B670007D3489 /* Foundation.framework */ = {isa = PBXFileReference; lastKnownFileType = wrapper.framework; name = Foundation.framework; path = System/Library/Frameworks/Foundation.framework; sourceTree = SDKROOT; };
		313FC3CD14A1B670007D3489 /* PRHSheet-Info.plist */ = {isa = PBXFileReference; lastKnownFileType = text.plist.xml; path = "PRHSheet-Info.plist"; sourceTree = "<group>"; };
		313FC3CF14A1B670007D3489 /* en */ = {isa = PBXFileReference; lastKnownFileType = text.plist.strings; name = en; path = en.lproj/InfoPlist.strings; sourceTree = "<group>"; };
		313FC3D114A1B670007D3489 /* main.m */ = {isa = PBXFileReference; lastKnownFileType = sourcecode.c.objc; path = main.m; sourceTree = "<group>"; };
		313FC3D314A1B670007D3489 /* PRHSheet-Prefix.pch */ = {isa = PBXFileReference; lastKnownFileType = sourcecode.c.h; path = "PRHSheet-Prefix.pch"; sourceTree = "<group>"; };
		313FC3D514A1B670007D3489 /* en */ = {isa = PBXFileReference; lastKnownFileType = text.rtf; name = en; path = en.lproj/Credits.rtf; sourceTree = "<group>"; };
		313FC3D714A1B670007D3489 /* PRHAppDelegate.h */ = {isa = PBXFileReference; lastKnownFileType = sourcecode.c.h; path = PRHAppDelegate.h; sourceTree = "<group>"; };
		313FC3D814A1B670007D3489 /* PRHAppDelegate.m */ = {isa = PBXFileReference; lastKnownFileType = sourcecode.c.objc; path = PRHAppDelegate.m; sourceTree = "<group>"; };
		313FC3DB14A1B671007D3489 /* en */ = {isa = PBXFileReference; lastKnownFileType = file.xib; name = en; path = en.lproj/MainMenu.xib; sourceTree = "<group>"; };
		313FC3E214A1BC50007D3489 /* PRHSheet.h */ = {isa = PBXFileReference; fileEncoding = 4; lastKnownFileType = sourcecode.c.h; path = PRHSheet.h; sourceTree = "<group>"; };
		313FC3E314A1BC50007D3489 /* PRHSheet.m */ = {isa = PBXFileReference; fileEncoding = 4; lastKnownFileType = sourcecode.c.objc; path = PRHSheet.m; sourceTree = "<group>"; };
/* End PBXFileReference section */

/* Begin PBXFrameworksBuildPhase section */
		313FC3BE14A1B670007D3489 /* Frameworks */ = {
			isa = PBXFrameworksBuildPhase;
			buildActionMask = 2147483647;
			files = (
				313FC3C614A1B670007D3489 /* Cocoa.framework in Frameworks */,
			);
			runOnlyForDeploymentPostprocessing = 0;
		};
/* End PBXFrameworksBuildPhase section */

/* Begin PBXGroup section */
		313FC3B614A1B670007D3489 = {
			isa = PBXGroup;
			children = (
				313FC3CB14A1B670007D3489 /* PRHSheet */,
				313FC3C414A1B670007D3489 /* Frameworks */,
				313FC3C214A1B670007D3489 /* Products */,
			);
			sourceTree = "<group>";
		};
		313FC3C214A1B670007D3489 /* Products */ = {
			isa = PBXGroup;
			children = (
				313FC3C114A1B670007D3489 /* PRHSheet.app */,
			);
			name = Products;
			sourceTree = "<group>";
		};
		313FC3C414A1B670007D3489 /* Frameworks */ = {
			isa = PBXGroup;
			children = (
				313FC3C514A1B670007D3489 /* Cocoa.framework */,
				313FC3C714A1B670007D3489 /* Other Frameworks */,
			);
			name = Frameworks;
			sourceTree = "<group>";
		};
		313FC3C714A1B670007D3489 /* Other Frameworks */ = {
			isa = PBXGroup;
			children = (
				313FC3C814A1B670007D3489 /* AppKit.framework */,
				313FC3C914A1B670007D3489 /* CoreData.framework */,
				313FC3CA14A1B670007D3489 /* Foundation.framework */,
			);
			name = "Other Frameworks";
			sourceTree = "<group>";
		};
		313FC3CB14A1B670007D3489 /* PRHSheet */ = {
			isa = PBXGroup;
			children = (
				313FC3E214A1BC50007D3489 /* PRHSheet.h */,
				313FC3E314A1BC50007D3489 /* PRHSheet.m */,
				313FC3D714A1B670007D3489 /* PRHAppDelegate.h */,
				313FC3D814A1B670007D3489 /* PRHAppDelegate.m */,
				313FC3DA14A1B671007D3489 /* MainMenu.xib */,
				313FC3CC14A1B670007D3489 /* Supporting Files */,
			);
			path = PRHSheet;
			sourceTree = "<group>";
		};
		313FC3CC14A1B670007D3489 /* Supporting Files */ = {
			isa = PBXGroup;
			children = (
				313FC3CD14A1B670007D3489 /* PRHSheet-Info.plist */,
				313FC3CE14A1B670007D3489 /* InfoPlist.strings */,
				313FC3D114A1B670007D3489 /* main.m */,
				313FC3D314A1B670007D3489 /* PRHSheet-Prefix.pch */,
				313FC3D414A1B670007D3489 /* Credits.rtf */,
			);
			name = "Supporting Files";
			sourceTree = "<group>";
		};
/* End PBXGroup section */

/* Begin PBXNativeTarget section */
		313FC3C014A1B670007D3489 /* PRHSheet */ = {
			isa = PBXNativeTarget;
			buildConfigurationList = 313FC3DF14A1B671007D3489 /* Build configuration list for PBXNativeTarget "PRHSheet" */;
			buildPhases = (
				313FC3BD14A1B670007D3489 /* Sources */,
				313FC3BE14A1B670007D3489 /* Frameworks */,
				313FC3BF14A1B670007D3489 /* Resources */,
			);
			buildRules = (
			);
			dependencies = (
			);
			name = PRHSheet;
			productName = PRHSheet;
			productReference = 313FC3C114A1B670007D3489 /* PRHSheet.app */;
			productType = "com.apple.product-type.application";
		};
/* End PBXNativeTarget section */

/* Begin PBXProject section */
		313FC3B814A1B670007D3489 /* Project object */ = {
			isa = PBXProject;
			attributes = {
				LastUpgradeCheck = 0420;
			};
			buildConfigurationList = 313FC3BB14A1B670007D3489 /* Build configuration list for PBXProject "PRHSheet" */;
			compatibilityVersion = "Xcode 3.2";
			developmentRegion = English;
			hasScannedForEncodings = 0;
			knownRegions = (
				en,
			);
			mainGroup = 313FC3B614A1B670007D3489;
			productRefGroup = 313FC3C214A1B670007D3489 /* Products */;
			projectDirPath = "";
			projectRoot = "";
			targets = (
				313FC3C014A1B670007D3489 /* PRHSheet */,
			);
		};
/* End PBXProject section */

/* Begin PBXResourcesBuildPhase section */
		313FC3BF14A1B670007D3489 /* Resources */ = {
			isa = PBXResourcesBuildPhase;
			buildActionMask = 2147483647;
			files = (
				313FC3D014A1B670007D3489 /* InfoPlist.strings in Resources */,
				313FC3D614A1B670007D3489 /* Credits.rtf in Resources */,
				313FC3DC14A1B671007D3489 /* MainMenu.xib in Resources */,
			);
			runOnlyForDeploymentPostprocessing = 0;
		};
/* End PBXResourcesBuildPhase section */

/* Begin PBXSourcesBuildPhase section */
		313FC3BD14A1B670007D3489 /* Sources */ = {
			isa = PBXSourcesBuildPhase;
			buildActionMask = 2147483647;
			files = (
				313FC3D214A1B670007D3489 /* main.m in Sources */,
				313FC3D914A1B670007D3489 /* PRHAppDelegate.m in Sources */,
				313FC3E414A1BC50007D3489 /* PRHSheet.m in Sources */,
			);
			runOnlyForDeploymentPostprocessing = 0;
		};
/* End PBXSourcesBuildPhase section */

/* Begin PBXVariantGroup section */
		313FC3CE14A1B670007D3489 /* InfoPlist.strings */ = {
			isa = PBXVariantGroup;
			children = (
				313FC3CF14A1B670007D3489 /* en */,
			);
			name = InfoPlist.strings;
			sourceTree = "<group>";
		};
		313FC3D414A1B670007D3489 /* Credits.rtf */ = {
			isa = PBXVariantGroup;
			children = (
				313FC3D514A1B670007D3489 /* en */,
			);
			name = Credits.rtf;
			sourceTree = "<group>";
		};
		313FC3DA14A1B671007D3489 /* MainMenu.xib */ = {
			isa = PBXVariantGroup;
			children = (
				313FC3DB14A1B671007D3489 /* en */,
			);
			name = MainMenu.xib;
			sourceTree = "<group>";
		};
/* End PBXVariantGroup section */

/* Begin XCBuildConfiguration section */
		313FC3DD14A1B671007D3489 /* Debug */ = {
			isa = XCBuildConfiguration;
			buildSettings = {
				ALWAYS_SEARCH_USER_PATHS = NO;
				ARCHS = "$(ARCHS_STANDARD_64_BIT)";
				CLANG_ENABLE_OBJC_ARC = YES;
				COPY_PHASE_STRIP = NO;
				GCC_C_LANGUAGE_STANDARD = gnu99;
				GCC_DYNAMIC_NO_PIC = NO;
				GCC_ENABLE_OBJC_EXCEPTIONS = YES;
				GCC_OPTIMIZATION_LEVEL = 0;
				GCC_PREPROCESSOR_DEFINITIONS = (
					"DEBUG=1",
					"$(inherited)",
				);
				GCC_SYMBOLS_PRIVATE_EXTERN = NO;
				GCC_VERSION = com.apple.compilers.llvm.clang.1_0;
				GCC_WARN_64_TO_32_BIT_CONVERSION = YES;
				GCC_WARN_ABOUT_MISSING_PROTOTYPES = YES;
				GCC_WARN_ABOUT_RETURN_TYPE = YES;
				GCC_WARN_UNUSED_VARIABLE = YES;
				MACOSX_DEPLOYMENT_TARGET = 10.7;
				ONLY_ACTIVE_ARCH = YES;
				SDKROOT = macosx;
			};
			name = Debug;
		};
		313FC3DE14A1B671007D3489 /* Release */ = {
			isa = XCBuildConfiguration;
			buildSettings = {
				ALWAYS_SEARCH_USER_PATHS = NO;
				ARCHS = "$(ARCHS_STANDARD_64_BIT)";
				CLANG_ENABLE_OBJC_ARC = YES;
				COPY_PHASE_STRIP = YES;
				DEBUG_INFORMATION_FORMAT = "dwarf-with-dsym";
				GCC_C_LANGUAGE_STANDARD = gnu99;
				GCC_ENABLE_OBJC_EXCEPTIONS = YES;
				GCC_VERSION = com.apple.compilers.llvm.clang.1_0;
				GCC_WARN_64_TO_32_BIT_CONVERSION = YES;
				GCC_WARN_ABOUT_MISSING_PROTOTYPES = YES;
				GCC_WARN_ABOUT_RETURN_TYPE = YES;
				GCC_WARN_UNUSED_VARIABLE = YES;
				MACOSX_DEPLOYMENT_TARGET = 10.7;
				SDKROOT = macosx;
			};
			name = Release;
		};
		313FC3E014A1B671007D3489 /* Debug */ = {
			isa = XCBuildConfiguration;
			buildSettings = {
				GCC_PRECOMPILE_PREFIX_HEADER = YES;
				GCC_PREFIX_HEADER = "PRHSheet/PRHSheet-Prefix.pch";
				INFOPLIST_FILE = "PRHSheet/PRHSheet-Info.plist";
				PRODUCT_NAME = "$(TARGET_NAME)";
				WRAPPER_EXTENSION = app;
			};
			name = Debug;
		};
		313FC3E114A1B671007D3489 /* Release */ = {
			isa = XCBuildConfiguration;
			buildSettings = {
				GCC_PRECOMPILE_PREFIX_HEADER = YES;
				GCC_PREFIX_HEADER = "PRHSheet/PRHSheet-Prefix.pch";
				INFOPLIST_FILE = "PRHSheet/PRHSheet-Info.plist";
				PRODUCT_NAME = "$(TARGET_NAME)";
				WRAPPER_EXTENSION = app;
			};
			name = Release;
		};
/* End XCBuildConfiguration section */

/* Begin XCConfigurationList section */
		313FC3BB14A1B670007D3489 /* Build configuration list for PBXProject "PRHSheet" */ = {
			isa = XCConfigurationList;
			buildConfigurations = (
				313FC3DD14A1B671007D3489 /* Debug */,
				313FC3DE14A1B671007D3489 /* Release */,
			);
			defaultConfigurationIsVisible = 0;
			defaultConfigurationName = Release;
		};
		313FC3DF14A1B671007D3489 /* Build configuration list for PBXNativeTarget "PRHSheet" */ = {
			isa = XCConfigurationList;
			buildConfigurations = (
				313FC3E014A1B671007D3489 /* Debug */,
				313FC3E114A1B671007D3489 /* Release */,
			);
			defaultConfigurationIsVisible = 0;
		};
/* End XCConfigurationList section */
	};
	rootObject = 313FC3B814A1B670007D3489 /* Project object */;
}
